# THIS IS AN AUTOGENERATED FILE. DO NOT EDIT THIS FILE DIRECTLY.
# yarn lockfile v1


"@fakerjs/age@^2":
  version "2.1.1"
  resolved "https://registry.yarnpkg.com/@fakerjs/age/-/age-2.1.1.tgz#7c0d76759b6c82887b3f8bace457999dd9cd8c20"
  integrity sha512-9MQcaL86EbO43d3EjoSPJ4+Yu37zEex0hH+u33zNjm7dIIrr3mEzeFBUvAow9I0sR4oK7QbM1j2Sju+PvJGpDA==

"@fakerjs/animal@^2":
  version "2.2.0"
  resolved "https://registry.yarnpkg.com/@fakerjs/animal/-/animal-2.2.0.tgz#3ae30673049b51350638cfc260a396b7806dc75c"
  integrity sha512-EEFtmbcodyuGd2Sw5bfG513kPtEc1EU7+q14rtoJXQ6oJx1W4trRMDilQeNGeVxwHl90K9m5uTETLxxA1Xinhg==
  dependencies:
    load-json-file "^7.0.1"

"@fakerjs/blood@^1":
  version "1.0.0"
  resolved "https://registry.yarnpkg.com/@fakerjs/blood/-/blood-1.0.0.tgz#380c02ab7537032aa4a5b9e82bd14b7e6e019cd9"
  integrity sha512-VP790P5exHez0Yb3UcZ/rraW4bnPe818cZKHI9fe7taCCkFyloWLYS8Zy5+LUtSLK0mQZaJ3MzcF4LZhiBTXzQ==

"@fakerjs/boolean@^2":
  version "2.1.1"
  resolved "https://registry.yarnpkg.com/@fakerjs/boolean/-/boolean-2.1.1.tgz#27bcc4e05b42b660310fffcee0b6efa58b34271c"
  integrity sha512-OJWuAFs3QEZangHn8tvckr2E+sevjOVwzAfsuWDwDL+ymPNCMjvISvBDW6d7k3I3wgZhjaBLngdZfEl+bhisTQ==

"@fakerjs/browser@^1":
  version "1.1.1"
  resolved "https://registry.yarnpkg.com/@fakerjs/browser/-/browser-1.1.1.tgz#4ff9c28230872dfd2c253bb1e09e54ef29431c2e"
  integrity sha512-d/nzWRlRGox7pen+3JrU9D3hhXQ6s20RJ0I5i2Q1UiKaLNyq8hW+26Ulr2YXPA9baLqFsrSkMnEoUODTF7jdrQ==
  dependencies:
    load-json-file "^7.0.1"

"@fakerjs/domain@^1":
  version "1.1.0"
  resolved "https://registry.yarnpkg.com/@fakerjs/domain/-/domain-1.1.0.tgz#eae4a83105720eebe2ed699edf46cda88e6ce195"
  integrity sha512-odr4j98GIpyuPYrP8nV8Q7tcSB9VYu3a0Q9Kgx112oTauS7L3TsDbmi8+x2prT6fjHAfZ/eZ5zpDEtjsPVAJsg==
  dependencies:
    "@fakerjs/tld" "^1"
    "@fakerjs/word" "^1"

"@fakerjs/email@^1":
  version "1.0.0"
  resolved "https://registry.yarnpkg.com/@fakerjs/email/-/email-1.0.0.tgz#485f8c385561f4fe6c3b4b49222af0a743e49094"
  integrity sha512-metzbdFNwkZsR5Se7OIPkpMGbkTHdCejB0Tg/Q+M0hYyQnYMyaVdZf53/hb7TMKbNM8HewTERQFPDePiABEKQg==
  dependencies:
    "@fakerjs/domain" "^1"
    "@fakerjs/word" "^1"

"@fakerjs/faker@^3.0.0":
  version "3.0.0"
  resolved "https://registry.yarnpkg.com/@fakerjs/faker/-/faker-3.0.0.tgz#0bd6ddbce4918b7f3709f6be8bf70d5b40182934"
  integrity sha512-sN4LBgZQGEsZw+bzmXf9VwzpfJ1B/ZhqU19NSHku8ywih2g+Kq7uBa7nlmYUUmSlYe6p5cx5eRusswrfm+6Wbw==
  dependencies:
    "@fakerjs/age" "^2"
    "@fakerjs/animal" "^2"
    "@fakerjs/blood" "^1"
    "@fakerjs/boolean" "^2"
    "@fakerjs/browser" "^1"
    "@fakerjs/domain" "^1"
    "@fakerjs/email" "^1"
    "@fakerjs/firstname" "^1"
    "@fakerjs/float" "^2"
    "@fakerjs/game" "^1"
    "@fakerjs/gender" "^2"
    "@fakerjs/house" "^1"
    "@fakerjs/integer" "^2"
    "@fakerjs/ip" "^2"
    "@fakerjs/lastname" "^1"
    "@fakerjs/letter" "^2"
    "@fakerjs/paragraph" "^1"
    "@fakerjs/profession" "^2"
    "@fakerjs/sentence" "^1"
    "@fakerjs/sport" "^1"
    "@fakerjs/string" "^2"
    "@fakerjs/superhero" "^1"
    "@fakerjs/tld" "^1"
    "@fakerjs/url" "^1"
    "@fakerjs/word" "^1"

"@fakerjs/firstname@^1":
  version "1.0.1"
  resolved "https://registry.yarnpkg.com/@fakerjs/firstname/-/firstname-1.0.1.tgz#b46bd232498b1a79ad4db7619ad535736be0a1bb"
  integrity sha512-Z+Ss9jUOm1SJulf/P0jxdE1OosBxbUkN18wDdPdNUl/bdpEsxbya1jsFvQk8vjP8fHwOe5RnEiVwRr03Kp5CPg==
  dependencies:
    load-json-file "^7.0.1"

"@fakerjs/float@^2":
  version "2.1.1"
  resolved "https://registry.yarnpkg.com/@fakerjs/float/-/float-2.1.1.tgz#fd41073f836e48d6a66808f789373096d2603e8f"
  integrity sha512-VUX+xCzS0PW2OLtgqVxnU4qqZ3tvzyOFLKRmZlptCAmpTg3jKUbqdt8agHPL8KUjQaXr4UxHdegYNg2R2z2hAw==

"@fakerjs/game@^1":
  version "1.0.1"
  resolved "https://registry.yarnpkg.com/@fakerjs/game/-/game-1.0.1.tgz#5d6f38b1a30a297f9ebbf153537eb040b040caff"
  integrity sha512-w+Htk1jqUrb0GKyjjqLhUCzbu9OtGcpSujlsb3Baj3S5v39ikv3nR2iFL/Bhgs9nrql0ynlYYN/V2oifURAQfw==
  dependencies:
    load-json-file "^7.0.1"

"@fakerjs/gender@^2":
  version "2.3.1"
  resolved "https://registry.yarnpkg.com/@fakerjs/gender/-/gender-2.3.1.tgz#e63a8dc96b3d2d7116921a8868866e854824a28b"
  integrity sha512-qerBcx9mTPLZFnmJJBnEYlc0BkCdaUfVWWGsLKC7U0Vloai9reS4ArZTFz+Cm0eHNVX1b9RdBIPh9aHIeR2LcQ==
  dependencies:
    load-json-file "^7.0.1"

"@fakerjs/house@^1":
  version "1.0.2"
  resolved "https://registry.yarnpkg.com/@fakerjs/house/-/house-1.0.2.tgz#41da2b7ca6461baec083ad7713f57970bcfe7105"
  integrity sha512-DsgcRinbadBQKcXRHQX9lU8xMAdK2nPT/EZwTMA1y56a52XworVOaCecdkGcubzLxdAuMBPLeOMvJxXLswWL/w==
  dependencies:
    load-json-file "^7.0.1"

"@fakerjs/integer@^2":
  version "2.1.1"
  resolved "https://registry.yarnpkg.com/@fakerjs/integer/-/integer-2.1.1.tgz#cb9c349e7d42eba71648b6dd6e1cf8d60de85174"
  integrity sha512-yAqbw7SpN1p6XX5JsgIN6xrpGG6Qdl14/9x5RMUG5TL+/LVySg2TberY0rWRyYsRVpOMOJ8hhMaaBAARtxdMwA==

"@fakerjs/ip@^2":
  version "2.1.1"
  resolved "https://registry.yarnpkg.com/@fakerjs/ip/-/ip-2.1.1.tgz#d971dd7b8cd7627f1af32e93e9149b0690cfc3c4"
  integrity sha512-oY8+k4c04YF4eLU8brNVUAr5jvmXuzKKCn+qCseDQMK8abDarAJ/c0ig1XpZRBfywUjKxQNGZrfAEvfYiFFdeQ==

"@fakerjs/lastname@^1":
  version "1.0.1"
  resolved "https://registry.yarnpkg.com/@fakerjs/lastname/-/lastname-1.0.1.tgz#7fa428ad5a70d4444873ae2d23f70ad9c4e50eeb"
  integrity sha512-7BJp9D5F4ESBf7MHN4Z8I96Ie78n9qftAwL0591xkHCoIpVpGVq/56ggCaowcxGGvxNYJ3t2OF4P7VLNQtNoDA==
  dependencies:
    load-json-file "^7.0.1"

"@fakerjs/letter@^2":
  version "2.2.2"
  resolved "https://registry.yarnpkg.com/@fakerjs/letter/-/letter-2.2.2.tgz#89d36eeb1d70aa9d7c88311e17f147f7bd7876c7"
  integrity sha512-JuIqMpefN4JYzinI8Cm+K477xogilhOdLIDtOZ8EwgMSQCcvkB+mBYarNRwwC3FIFjtXGVvMNBe398cB4IEvjg==
  dependencies:
    load-json-file "^7.0.1"

"@fakerjs/paragraph@^1":
  version "1.0.0"
  resolved "https://registry.yarnpkg.com/@fakerjs/paragraph/-/paragraph-1.0.0.tgz#9b6e3ec8c39e8369af2c227b005518684e48b49b"
  integrity sha512-usbAIhWVtSf2eHbY5YEXRnEj4otLLKLvOwAoCQ+cxtMd3FGYLxBLNGVwjDXoSl8FOdTbA57Yt1tsu+v21xsoUw==
  dependencies:
    "@fakerjs/sentence" "^1"

"@fakerjs/profession@^2":
  version "2.2.0"
  resolved "https://registry.yarnpkg.com/@fakerjs/profession/-/profession-2.2.0.tgz#5d26e8410bdb88adbfe64d025949196863c10d73"
  integrity sha512-yktaNnN8nmr+5wn8m6hE/bhaiYtbBQ5CqttIws+q7SwBx4Ip5/uEttP9UBTZCfACu07gB0RYvb7xDxtFT+dFkw==
  dependencies:
    load-json-file "^7.0.1"

"@fakerjs/sentence@^1":
  version "1.0.0"
  resolved "https://registry.yarnpkg.com/@fakerjs/sentence/-/sentence-1.0.0.tgz#ee716c670ff967d22dd77bd33aa3f8f804431424"
  integrity sha512-DRpKfj/dbdMYtW5+k0/wB6oqd0tnOzLCVyKFM50hVF43gXShj4arg23ql2CXxNakagi3yNzBk9W5Am6Y12H6CA==
  dependencies:
    "@fakerjs/word" "^1"

"@fakerjs/sport@^1":
  version "1.0.0"
  resolved "https://registry.yarnpkg.com/@fakerjs/sport/-/sport-1.0.0.tgz#892ea15e2e741987f303603a6fdff3a2e49644fd"
  integrity sha512-ShkZ6QSzwQP+NRKwkaL3MUG63NTcjzk5ppen3DoOV0GGwDnOTS2OFN5AvtmqjgJD4bAhekPYkHSGN/Pbgk3dSw==
  dependencies:
    load-json-file "^7.0.1"

"@fakerjs/string@^2":
  version "2.1.1"
  resolved "https://registry.yarnpkg.com/@fakerjs/string/-/string-2.1.1.tgz#8265fa408535e606c4a881347670e7285baed8d4"
  integrity sha512-6EfjvoRh+b91MjP/ciOmLJmwtEAvjAqATgaZM1khwEO0azRtnmdXHuxTVl1o+Uvq4kP2zjXvuXqkIZdprNyPyg==

"@fakerjs/superhero@^1":
  version "1.2.0"
  resolved "https://registry.yarnpkg.com/@fakerjs/superhero/-/superhero-1.2.0.tgz#96f8ed6dff6a4d40840b98f47c6d3b4a1df50c7b"
  integrity sha512-xxKscBJSvSX90Krq2bk2O2V438byQL2hdxzRAGkJ50G/gUUap2NOvOERlunlJ8GadQrlnvEeU4UEk6/Gm3FSwQ==
  dependencies:
    load-json-file "^7.0.1"

"@fakerjs/tld@^1":
  version "1.1.0"
  resolved "https://registry.yarnpkg.com/@fakerjs/tld/-/tld-1.1.0.tgz#4bacd5abc29df9d82a5c522236e3e1f48d0946ea"
  integrity sha512-qsJUB6wm3+KpT+ZKhlRDB7GKh89Nt702ezEnbREtn+nSME6P4aJLygd3GnRtriVYmjokz8RSW/pABS+ft8BeZw==
  dependencies:
    load-json-file "^7.0.1"

"@fakerjs/url@^1":
  version "1.0.0"
  resolved "https://registry.yarnpkg.com/@fakerjs/url/-/url-1.0.0.tgz#ac846125925c7bf33e1c54ad4f52f04058e37d6e"
  integrity sha512-Enf9RMHRnRYcFA3dciYVBwHXpJFvMRmyoQVp2vjvyAhkNZ5rl8L5XaGOP3/c8//vry/MuhA+eIqtrs7U4ElLjQ==
  dependencies:
    "@fakerjs/domain" "^1"

"@fakerjs/word@^1":
  version "1.0.1"
  resolved "https://registry.yarnpkg.com/@fakerjs/word/-/word-1.0.1.tgz#a4937c4483d3f51dc17535701a2fc41f71ed1a27"
  integrity sha512-ilyTmSakl4K/osCEE5kUdyAFXxZnmh3WLXlQHKU4ytbkHLHh67f+h25JVrrD+N3Dv7D/7gQlfj/YBH+QuERJlw==

"@playwright/test@^1.56.0":
  version "1.56.0"
  resolved "https://registry.yarnpkg.com/@playwright/test/-/test-1.56.0.tgz#891fe101bddf3eee3dd609e7a145f705dc0f3054"
  integrity sha512-Tzh95Twig7hUwwNe381/K3PggZBZblKUe2wv25oIpzWLr6Z0m4KgV1ZVIjnR6GM9ANEqjZD7XsZEa6JL/7YEgg==
  dependencies:
    playwright "1.56.0"

"@types/node@^24.7.2":
  version "24.7.2"
  resolved "https://registry.yarnpkg.com/@types/node/-/node-24.7.2.tgz#5adf66b6e2ac5cab1d10a2ad3682e359cb652f4a"
  integrity sha512-/NbVmcGTP+lj5oa4yiYxxeBjRivKQ5Ns1eSZeB99ExsEQ6rX5XYU1Zy/gGxY/ilqtD4Etx9mKyrPxZRetiahhA==
  dependencies:
    undici-types "~7.14.0"

fsevents@2.3.2:
  version "2.3.2"
  resolved "https://registry.yarnpkg.com/fsevents/-/fsevents-2.3.2.tgz#8a526f78b8fdf4623b709e0b975c52c24c02fd1a"
  integrity sha512-xiqMQR4xAeHTuB9uWm+fFRcIOgKBMiOBP+eXiyT7jsgVCq1bkVygt00oASowB7EdtpOHaaPgKt812P9ab+DDKA==

load-json-file@^7.0.1:
  version "7.0.1"
  resolved "https://registry.yarnpkg.com/load-json-file/-/load-json-file-7.0.1.tgz#a3c9fde6beffb6bedb5acf104fad6bb1604e1b00"
  integrity sha512-Gnxj3ev3mB5TkVBGad0JM6dmLiQL+o0t23JPBZ9sd+yvSLk05mFoqKBw5N8gbbkU4TNXyqCgIrl/VM17OgUIgQ==

playwright-core@1.56.0:
  version "1.56.0"
  resolved "https://registry.yarnpkg.com/playwright-core/-/playwright-core-1.56.0.tgz#14b40ea436551b0bcefe19c5bfb8d1804c83739c"
  integrity sha512-1SXl7pMfemAMSDn5rkPeZljxOCYAmQnYLBTExuh6E8USHXGSX3dx6lYZN/xPpTz1vimXmPA9CDnILvmJaB8aSQ==

playwright@1.56.0:
  version "1.56.0"
  resolved "https://registry.yarnpkg.com/playwright/-/playwright-1.56.0.tgz#71c533c61da33e95812f8c6fa53960e073548d9a"
  integrity sha512-X5Q1b8lOdWIE4KAoHpW3SE8HvUB+ZZsUoN64ZhjnN8dOb1UpujxBtENGiZFE+9F/yhzJwYa+ca3u43FeLbboHA==
  dependencies:
    playwright-core "1.56.0"
  optionalDependencies:
    fsevents "2.3.2"

undici-types@~7.14.0:
  version "7.14.0"
  resolved "https://registry.yarnpkg.com/undici-types/-/undici-types-7.14.0.tgz#4c037b32ca4d7d62fae042174604341588bc0840"
  integrity sha512-QQiYxHuyZ9gQUIrmPo3IA+hUl4KYk8uSA7cHrcKd/l3p1OTpZcM0Tbp9x7FAtXdAYhlasd60ncPpgu6ihG6TOA==
